
Microsoft Visual Studio Solution File, Format Version 12.00
# Visual Studio Version 17
VisualStudioVersion = 17.4.33213.308
MinimumVisualStudioVersion = 10.0.40219.1
Project("{FAE04EC0-301F-11D3-BF4B-00C04F79EFBC}") = "WebAPIQuotesBackend", "WebAPIQuotesBackend\WebAPIQuotesBackend.csproj", "{1B43C2CC-F401-4491-AD24-CB0428CDA6A8}"
EndProject
Global
	GlobalSection(SolutionConfigurationPlatforms) = preSolution
		Debug|Any CPU = Debug|Any CPU
		Release|Any CPU = Release|Any CPU
	EndGlobalSection
	GlobalSection(ProjectConfigurationPlatforms) = postSolution
		{1B43C2CC-F401-4491-AD24-CB0428CDA6A8}.Debug|Any CPU.ActiveCfg = Debug|Any CPU
		{1B43C2CC-F401-4491-AD24-CB0428CDA6A8}.Debug|Any CPU.Build.0 = Debug|Any CPU
		{1B43C2CC-F401-4491-AD24-CB0428CDA6A8}.Release|Any CPU.ActiveCfg = Release|Any CPU
		{1B43C2CC-F401-4491-AD24-CB0428CDA6A8}.Release|Any CPU.Build.0 = Release|Any CPU
	EndGlobalSection
	GlobalSection(SolutionProperties) = preSolution
		HideSolutionNode = FALSE
	EndGlobalSection
	GlobalSection(ExtensibilityGlobals) = postSolution
		SolutionGuid = {64CA0F89-EF06-4A06-8F11-C37B9AF6DCE0}
	EndGlobalSection
EndGlobal
